
Microsoft Visual Studio Solution File, Format Version 12.00
# Visual Studio Version 17
VisualStudioVersion = 17.5.33516.290
MinimumVisualStudioVersion = 10.0.40219.1
Project("{9A19103F-16F7-4668-BE54-9A1E7A4F7556}") = "DestinationBucketListAPI", "DestinationBucketListAPI.csproj", "{9FCECE45-7519-4DB5-B398-5429CBDD7618}"
EndProject
Project("{FAE04EC0-301F-11D3-BF4B-00C04F79EFBC}") = "DestinationBucketList_xUnitTests", "..\DestinationBucketList_xUnitTests\DestinationBucketList_xUnitTests.csproj", "{8D6C68CE-DACF-4A6C-A8B7-1D18A3BFB2F9}"
EndProject
Global
	GlobalSection(SolutionConfigurationPlatforms) = preSolution
		Debug|Any CPU = Debug|Any CPU
		Release|Any CPU = Release|Any CPU
	EndGlobalSection
	GlobalSection(ProjectConfigurationPlatforms) = postSolution
		{9FCECE45-7519-4DB5-B398-5429CBDD7618}.Debug|Any CPU.ActiveCfg = Debug|Any CPU
		{9FCECE45-7519-4DB5-B398-5429CBDD7618}.Debug|Any CPU.Build.0 = Debug|Any CPU
		{9FCECE45-7519-4DB5-B398-5429CBDD7618}.Release|Any CPU.ActiveCfg = Release|Any CPU
		{9FCECE45-7519-4DB5-B398-5429CBDD7618}.Release|Any CPU.Build.0 = Release|Any CPU
		{8D6C68CE-DACF-4A6C-A8B7-1D18A3BFB2F9}.Debug|Any CPU.ActiveCfg = Debug|Any CPU
		{8D6C68CE-DACF-4A6C-A8B7-1D18A3BFB2F9}.Debug|Any CPU.Build.0 = Debug|Any CPU
		{8D6C68CE-DACF-4A6C-A8B7-1D18A3BFB2F9}.Release|Any CPU.ActiveCfg = Release|Any CPU
		{8D6C68CE-DACF-4A6C-A8B7-1D18A3BFB2F9}.Release|Any CPU.Build.0 = Release|Any CPU
	EndGlobalSection
	GlobalSection(SolutionProperties) = preSolution
		HideSolutionNode = FALSE
	EndGlobalSection
	GlobalSection(ExtensibilityGlobals) = postSolution
		SolutionGuid = {68841CE8-3480-4003-B128-C7BA57FFB2D6}
	EndGlobalSection
EndGlobal
